
Microsoft Visual Studio Solution File, Format Version 12.00
# Visual Studio Version 16
VisualStudioVersion = 16.0.31105.61
MinimumVisualStudioVersion = 10.0.40219.1
Project("{FAE04EC0-301F-11D3-BF4B-00C04F79EFBC}") = "Widget Company Project", "Widget Company Project\Widget Company Project.csproj", "{33684E1D-E7F6-4011-B930-D4E3E438142B}"
EndProject
Global
	GlobalSection(SolutionConfigurationPlatforms) = preSolution
		Debug|Any CPU = Debug|Any CPU
		Release|Any CPU = Release|Any CPU
	EndGlobalSection
	GlobalSection(ProjectConfigurationPlatforms) = postSolution
		{33684E1D-E7F6-4011-B930-D4E3E438142B}.Debug|Any CPU.ActiveCfg = Debug|Any CPU
		{33684E1D-E7F6-4011-B930-D4E3E438142B}.Debug|Any CPU.Build.0 = Debug|Any CPU
		{33684E1D-E7F6-4011-B930-D4E3E438142B}.Release|Any CPU.ActiveCfg = Release|Any CPU
		{33684E1D-E7F6-4011-B930-D4E3E438142B}.Release|Any CPU.Build.0 = Release|Any CPU
	EndGlobalSection
	GlobalSection(SolutionProperties) = preSolution
		HideSolutionNode = FALSE
	EndGlobalSection
	GlobalSection(ExtensibilityGlobals) = postSolution
		SolutionGuid = {701E5EFD-2CBE-4209-9014-12C6931A538E}
	EndGlobalSection
EndGlobal
